// !$*UTF8*$!
{
	archiveVersion = 1;
	classes = {
	};
	objectVersion = 48;
	objects = {

/* Begin PBXBuildFile section */
		1DA0AF251FE215A3007376D8 /* AppDelegate.m in Sources */ = {isa = PBXBuildFile; fileRef = 1DA0AF241FE215A3007376D8 /* AppDelegate.m */; };
		1DA0AF281FE215A3007376D8 /* ViewController.m in Sources */ = {isa = PBXBuildFile; fileRef = 1DA0AF271FE215A3007376D8 /* ViewController.m */; };
		1DA0AF2B1FE215A3007376D8 /* Main.storyboard in Resources */ = {isa = PBXBuildFile; fileRef = 1DA0AF291FE215A3007376D8 /* Main.storyboard */; };
		1DA0AF2D1FE215A3007376D8 /* Assets.xcassets in Resources */ = {isa = PBXBuildFile; fileRef = 1DA0AF2C1FE215A3007376D8 /* Assets.xcassets */; };
		1DA0AF301FE215A3007376D8 /* LaunchScreen.storyboard in Resources */ = {isa = PBXBuildFile; fileRef = 1DA0AF2E1FE215A3007376D8 /* LaunchScreen.storyboard */; };
		1DA0AF331FE215A3007376D8 /* main.m in Sources */ = {isa = PBXBuildFile; fileRef = 1DA0AF321FE215A3007376D8 /* main.m */; };
		1DB483881FECDD9D00EF4E65 /* UIButton+Action.m in Sources */ = {isa = PBXBuildFile; fileRef = 1DB483871FECDD9D00EF4E65 /* UIButton+Action.m */; };
		1DFCEE341FE21BB600DC3DA4 /* FirstViewController.m in Sources */ = {isa = PBXBuildFile; fileRef = 1DFCEE331FE21BB600DC3DA4 /* FirstViewController.m */; };
		1DFCEE371FE21BC400DC3DA4 /* SecondViewController.m in Sources */ = {isa = PBXBuildFile; fileRef = 1DFCEE361FE21BC400DC3DA4 /* SecondViewController.m */; };
		1DFCEE3B1FE220B100DC3DA4 /* AnimationFirstToSecond.m in Sources */ = {isa = PBXBuildFile; fileRef = 1DFCEE3A1FE220B100DC3DA4 /* AnimationFirstToSecond.m */; };
		1DFCEE431FE2637900DC3DA4 /* AnimationSecondToFirst.m in Sources */ = {isa = PBXBuildFile; fileRef = 1DFCEE421FE2637800DC3DA4 /* AnimationSecondToFirst.m */; };
/* End PBXBuildFile section */

/* Begin PBXFileReference section */
		1DA0AF201FE215A3007376D8 /* bgTest.app */ = {isa = PBXFileReference; explicitFileType = wrapper.application; includeInIndex = 0; path = bgTest.app; sourceTree = BUILT_PRODUCTS_DIR; };
		1DA0AF231FE215A3007376D8 /* AppDelegate.h */ = {isa = PBXFileReference; lastKnownFileType = sourcecode.c.h; path = AppDelegate.h; sourceTree = "<group>"; };
		1DA0AF241FE215A3007376D8 /* AppDelegate.m */ = {isa = PBXFileReference; lastKnownFileType = sourcecode.c.objc; path = AppDelegate.m; sourceTree = "<group>"; };
		1DA0AF261FE215A3007376D8 /* ViewController.h */ = {isa = PBXFileReference; lastKnownFileType = sourcecode.c.h; path = ViewController.h; sourceTree = "<group>"; };
		1DA0AF271FE215A3007376D8 /* ViewController.m */ = {isa = PBXFileReference; lastKnownFileType = sourcecode.c.objc; path = ViewController.m; sourceTree = "<group>"; };
		1DA0AF2A1FE215A3007376D8 /* Base */ = {isa = PBXFileReference; lastKnownFileType = file.storyboard; name = Base; path = Base.lproj/Main.storyboard; sourceTree = "<group>"; };
		1DA0AF2C1FE215A3007376D8 /* Assets.xcassets */ = {isa = PBXFileReference; lastKnownFileType = folder.assetcatalog; path = Assets.xcassets; sourceTree = "<group>"; };
		1DA0AF2F1FE215A3007376D8 /* Base */ = {isa = PBXFileReference; lastKnownFileType = file.storyboard; name = Base; path = Base.lproj/LaunchScreen.storyboard; sourceTree = "<group>"; };
		1DA0AF311FE215A3007376D8 /* Info.plist */ = {isa = PBXFileReference; lastKnownFileType = text.plist.xml; path = Info.plist; sourceTree = "<group>"; };
		1DA0AF321FE215A3007376D8 /* main.m */ = {isa = PBXFileReference; lastKnownFileType = sourcecode.c.objc; path = main.m; sourceTree = "<group>"; };
		1DB483861FECDD9D00EF4E65 /* UIButton+Action.h */ = {isa = PBXFileReference; lastKnownFileType = sourcecode.c.h; path = "UIButton+Action.h"; sourceTree = "<group>"; };
		1DB483871FECDD9D00EF4E65 /* UIButton+Action.m */ = {isa = PBXFileReference; lastKnownFileType = sourcecode.c.objc; path = "UIButton+Action.m"; sourceTree = "<group>"; };
		1DFCEE321FE21BB600DC3DA4 /* FirstViewController.h */ = {isa = PBXFileReference; lastKnownFileType = sourcecode.c.h; path = FirstViewController.h; sourceTree = "<group>"; };
		1DFCEE331FE21BB600DC3DA4 /* FirstViewController.m */ = {isa = PBXFileReference; lastKnownFileType = sourcecode.c.objc; path = FirstViewController.m; sourceTree = "<group>"; };
		1DFCEE351FE21BC400DC3DA4 /* SecondViewController.h */ = {isa = PBXFileReference; lastKnownFileType = sourcecode.c.h; path = SecondViewController.h; sourceTree = "<group>"; };
		1DFCEE361FE21BC400DC3DA4 /* SecondViewController.m */ = {isa = PBXFileReference; lastKnownFileType = sourcecode.c.objc; path = SecondViewController.m; sourceTree = "<group>"; };
		1DFCEE381FE21C0600DC3DA4 /* KJDefine.h */ = {isa = PBXFileReference; lastKnownFileType = sourcecode.c.h; path = KJDefine.h; sourceTree = "<group>"; };
		1DFCEE391FE220B100DC3DA4 /* AnimationFirstToSecond.h */ = {isa = PBXFileReference; lastKnownFileType = sourcecode.c.h; path = AnimationFirstToSecond.h; sourceTree = "<group>"; };
		1DFCEE3A1FE220B100DC3DA4 /* AnimationFirstToSecond.m */ = {isa = PBXFileReference; lastKnownFileType = sourcecode.c.objc; path = AnimationFirstToSecond.m; sourceTree = "<group>"; };
		1DFCEE3C1FE221AD00DC3DA4 /* PrefixHeader.pch */ = {isa = PBXFileReference; lastKnownFileType = sourcecode.c.h; path = PrefixHeader.pch; sourceTree = "<group>"; };
		1DFCEE411FE2637800DC3DA4 /* AnimationSecondToFirst.h */ = {isa = PBXFileReference; lastKnownFileType = sourcecode.c.h; path = AnimationSecondToFirst.h; sourceTree = "<group>"; };
		1DFCEE421FE2637800DC3DA4 /* AnimationSecondToFirst.m */ = {isa = PBXFileReference; lastKnownFileType = sourcecode.c.objc; path = AnimationSecondToFirst.m; sourceTree = "<group>"; };
/* End PBXFileReference section */

/* Begin PBXFrameworksBuildPhase section */
		1DA0AF1D1FE215A3007376D8 /* Frameworks */ = {
			isa = PBXFrameworksBuildPhase;
			buildActionMask = 2147483647;
			files = (
			);
			runOnlyForDeploymentPostprocessing = 0;
		};
/* End PBXFrameworksBuildPhase section */

/* Begin PBXGroup section */
		1DA0AF171FE215A3007376D8 = {
			isa = PBXGroup;
			children = (
				1DA0AF221FE215A3007376D8 /* bgTest */,
				1DA0AF211FE215A3007376D8 /* Products */,
			);
			sourceTree = "<group>";
		};
		1DA0AF211FE215A3007376D8 /* Products */ = {
			isa = PBXGroup;
			children = (
				1DA0AF201FE215A3007376D8 /* bgTest.app */,
			);
			name = Products;
			sourceTree = "<group>";
		};
		1DA0AF221FE215A3007376D8 /* bgTest */ = {
			isa = PBXGroup;
			children = (
				1DB483851FECDD7E00EF4E65 /* Category */,
				1DA0AF231FE215A3007376D8 /* AppDelegate.h */,
				1DA0AF241FE215A3007376D8 /* AppDelegate.m */,
				1DA0AF261FE215A3007376D8 /* ViewController.h */,
				1DA0AF271FE215A3007376D8 /* ViewController.m */,
				1DA0AF291FE215A3007376D8 /* Main.storyboard */,
				1DA0AF2C1FE215A3007376D8 /* Assets.xcassets */,
				1DA0AF2E1FE215A3007376D8 /* LaunchScreen.storyboard */,
				1DA0AF311FE215A3007376D8 /* Info.plist */,
				1DA0AF321FE215A3007376D8 /* main.m */,
				1DFCEE321FE21BB600DC3DA4 /* FirstViewController.h */,
				1DFCEE331FE21BB600DC3DA4 /* FirstViewController.m */,
				1DFCEE351FE21BC400DC3DA4 /* SecondViewController.h */,
				1DFCEE361FE21BC400DC3DA4 /* SecondViewController.m */,
				1DFCEE381FE21C0600DC3DA4 /* KJDefine.h */,
				1DFCEE391FE220B100DC3DA4 /* AnimationFirstToSecond.h */,
				1DFCEE3A1FE220B100DC3DA4 /* AnimationFirstToSecond.m */,
				1DFCEE411FE2637800DC3DA4 /* AnimationSecondToFirst.h */,
				1DFCEE421FE2637800DC3DA4 /* AnimationSecondToFirst.m */,
				1DFCEE3C1FE221AD00DC3DA4 /* PrefixHeader.pch */,
			);
			path = bgTest;
			sourceTree = "<group>";
		};
		1DB483851FECDD7E00EF4E65 /* Category */ = {
			isa = PBXGroup;
			children = (
				1DB483861FECDD9D00EF4E65 /* UIButton+Action.h */,
				1DB483871FECDD9D00EF4E65 /* UIButton+Action.m */,
			);
			path = Category;
			sourceTree = "<group>";
		};
/* End PBXGroup section */

/* Begin PBXNativeTarget section */
		1DA0AF1F1FE215A3007376D8 /* bgTest */ = {
			isa = PBXNativeTarget;
			buildConfigurationList = 1DA0AF361FE215A3007376D8 /* Build configuration list for PBXNativeTarget "bgTest" */;
			buildPhases = (
				1DA0AF1C1FE215A3007376D8 /* Sources */,
				1DA0AF1D1FE215A3007376D8 /* Frameworks */,
				1DA0AF1E1FE215A3007376D8 /* Resources */,
			);
			buildRules = (
			);
			dependencies = (
			);
			name = bgTest;
			productName = bgTest;
			productReference = 1DA0AF201FE215A3007376D8 /* bgTest.app */;
			productType = "com.apple.product-type.application";
		};
/* End PBXNativeTarget section */

/* Begin PBXProject section */
		1DA0AF181FE215A3007376D8 /* Project object */ = {
			isa = PBXProject;
			attributes = {
				LastUpgradeCheck = 0920;
				ORGANIZATIONNAME = "오픈태스크iOS";
				TargetAttributes = {
					1DA0AF1F1FE215A3007376D8 = {
						CreatedOnToolsVersion = 9.2;
						ProvisioningStyle = Automatic;
					};
				};
			};
			buildConfigurationList = 1DA0AF1B1FE215A3007376D8 /* Build configuration list for PBXProject "bgTest" */;
			compatibilityVersion = "Xcode 8.0";
			developmentRegion = en;
			hasScannedForEncodings = 0;
			knownRegions = (
				en,
				Base,
			);
			mainGroup = 1DA0AF171FE215A3007376D8;
			productRefGroup = 1DA0AF211FE215A3007376D8 /* Products */;
			projectDirPath = "";
			projectRoot = "";
			targets = (
				1DA0AF1F1FE215A3007376D8 /* bgTest */,
			);
		};
/* End PBXProject section */

/* Begin PBXResourcesBuildPhase section */
		1DA0AF1E1FE215A3007376D8 /* Resources */ = {
			isa = PBXResourcesBuildPhase;
			buildActionMask = 2147483647;
			files = (
				1DA0AF301FE215A3007376D8 /* LaunchScreen.storyboard in Resources */,
				1DA0AF2D1FE215A3007376D8 /* Assets.xcassets in Resources */,
				1DA0AF2B1FE215A3007376D8 /* Main.storyboard in Resources */,
			);
			runOnlyForDeploymentPostprocessing = 0;
		};
/* End PBXResourcesBuildPhase section */

/* Begin PBXSourcesBuildPhase section */
		1DA0AF1C1FE215A3007376D8 /* Sources */ = {
			isa = PBXSourcesBuildPhase;
			buildActionMask = 2147483647;
			files = (
				1DFCEE371FE21BC400DC3DA4 /* SecondViewController.m in Sources */,
				1DA0AF281FE215A3007376D8 /* ViewController.m in Sources */,
				1DA0AF331FE215A3007376D8 /* main.m in Sources */,
				1DA0AF251FE215A3007376D8 /* AppDelegate.m in Sources */,
				1DFCEE431FE2637900DC3DA4 /* AnimationSecondToFirst.m in Sources */,
				1DFCEE3B1FE220B100DC3DA4 /* AnimationFirstToSecond.m in Sources */,
				1DFCEE341FE21BB600DC3DA4 /* FirstViewController.m in Sources */,
				1DB483881FECDD9D00EF4E65 /* UIButton+Action.m in Sources */,
			);
			runOnlyForDeploymentPostprocessing = 0;
		};
/* End PBXSourcesBuildPhase section */

/* Begin PBXVariantGroup section */
		1DA0AF291FE215A3007376D8 /* Main.storyboard */ = {
			isa = PBXVariantGroup;
			children = (
				1DA0AF2A1FE215A3007376D8 /* Base */,
			);
			name = Main.storyboard;
			sourceTree = "<group>";
		};
		1DA0AF2E1FE215A3007376D8 /* LaunchScreen.storyboard */ = {
			isa = PBXVariantGroup;
			children = (
				1DA0AF2F1FE215A3007376D8 /* Base */,
			);
			name = LaunchScreen.storyboard;
			sourceTree = "<group>";
		};
/* End PBXVariantGroup section */

/* Begin XCBuildConfiguration section */
		1DA0AF341FE215A3007376D8 /* Debug */ = {
			isa = XCBuildConfiguration;
			buildSettings = {
				ALWAYS_SEARCH_USER_PATHS = NO;
				CLANG_ANALYZER_NONNULL = YES;
				CLANG_ANALYZER_NUMBER_OBJECT_CONVERSION = YES_AGGRESSIVE;
				CLANG_CXX_LANGUAGE_STANDARD = "gnu++14";
				CLANG_CXX_LIBRARY = "libc++";
				CLANG_ENABLE_MODULES = YES;
				CLANG_ENABLE_OBJC_ARC = YES;
				CLANG_WARN_BLOCK_CAPTURE_AUTORELEASING = YES;
				CLANG_WARN_BOOL_CONVERSION = YES;
				CLANG_WARN_COMMA = YES;
				CLANG_WARN_CONSTANT_CONVERSION = YES;
				CLANG_WARN_DIRECT_OBJC_ISA_USAGE = YES_ERROR;
				CLANG_WARN_DOCUMENTATION_COMMENTS = YES;
				CLANG_WARN_EMPTY_BODY = YES;
				CLANG_WARN_ENUM_CONVERSION = YES;
				CLANG_WARN_INFINITE_RECURSION = YES;
				CLANG_WARN_INT_CONVERSION = YES;
				CLANG_WARN_NON_LITERAL_NULL_CONVERSION = YES;
				CLANG_WARN_OBJC_LITERAL_CONVERSION = YES;
				CLANG_WARN_OBJC_ROOT_CLASS = YES_ERROR;
				CLANG_WARN_RANGE_LOOP_ANALYSIS = YES;
				CLANG_WARN_STRICT_PROTOTYPES = YES;
				CLANG_WARN_SUSPICIOUS_MOVE = YES;
				CLANG_WARN_UNGUARDED_AVAILABILITY = YES_AGGRESSIVE;
				CLANG_WARN_UNREACHABLE_CODE = YES;
				CLANG_WARN__DUPLICATE_METHOD_MATCH = YES;
				CODE_SIGN_IDENTITY = "iPhone Developer";
				COPY_PHASE_STRIP = NO;
				DEBUG_INFORMATION_FORMAT = dwarf;
				ENABLE_STRICT_OBJC_MSGSEND = YES;
				ENABLE_TESTABILITY = YES;
				GCC_C_LANGUAGE_STANDARD = gnu11;
				GCC_DYNAMIC_NO_PIC = NO;
				GCC_NO_COMMON_BLOCKS = YES;
				GCC_OPTIMIZATION_LEVEL = 0;
				GCC_PREPROCESSOR_DEFINITIONS = (
					"DEBUG=1",
					"$(inherited)",
				);
				GCC_WARN_64_TO_32_BIT_CONVERSION = YES;
				GCC_WARN_ABOUT_RETURN_TYPE = YES_ERROR;
				GCC_WARN_UNDECLARED_SELECTOR = YES;
				GCC_WARN_UNINITIALIZED_AUTOS = YES_AGGRESSIVE;
				GCC_WARN_UNUSED_FUNCTION = YES;
				GCC_WARN_UNUSED_VARIABLE = YES;
				IPHONEOS_DEPLOYMENT_TARGET = 11.2;
				MTL_ENABLE_DEBUG_INFO = YES;
				ONLY_ACTIVE_ARCH = YES;
				SDKROOT = iphoneos;
			};
			name = Debug;
		};
		1DA0AF351FE215A3007376D8 /* Release */ = {
			isa = XCBuildConfiguration;
			buildSettings = {
				ALWAYS_SEARCH_USER_PATHS = NO;
				CLANG_ANALYZER_NONNULL = YES;
				CLANG_ANALYZER_NUMBER_OBJECT_CONVERSION = YES_AGGRESSIVE;
				CLANG_CXX_LANGUAGE_STANDARD = "gnu++14";
				CLANG_CXX_LIBRARY = "libc++";
				CLANG_ENABLE_MODULES = YES;
				CLANG_ENABLE_OBJC_ARC = YES;
				CLANG_WARN_BLOCK_CAPTURE_AUTORELEASING = YES;
				CLANG_WARN_BOOL_CONVERSION = YES;
				CLANG_WARN_COMMA = YES;
				CLANG_WARN_CONSTANT_CONVERSION = YES;
				CLANG_WARN_DIRECT_OBJC_ISA_USAGE = YES_ERROR;
				CLANG_WARN_DOCUMENTATION_COMMENTS = YES;
				CLANG_WARN_EMPTY_BODY = YES;
				CLANG_WARN_ENUM_CONVERSION = YES;
				CLANG_WARN_INFINITE_RECURSION = YES;
				CLANG_WARN_INT_CONVERSION = YES;
				CLANG_WARN_NON_LITERAL_NULL_CONVERSION = YES;
				CLANG_WARN_OBJC_LITERAL_CONVERSION = YES;
				CLANG_WARN_OBJC_ROOT_CLASS = YES_ERROR;
				CLANG_WARN_RANGE_LOOP_ANALYSIS = YES;
				CLANG_WARN_STRICT_PROTOTYPES = YES;
				CLANG_WARN_SUSPICIOUS_MOVE = YES;
				CLANG_WARN_UNGUARDED_AVAILABILITY = YES_AGGRESSIVE;
				CLANG_WARN_UNREACHABLE_CODE = YES;
				CLANG_WARN__DUPLICATE_METHOD_MATCH = YES;
				CODE_SIGN_IDENTITY = "iPhone Developer";
				COPY_PHASE_STRIP = NO;
				DEBUG_INFORMATION_FORMAT = "dwarf-with-dsym";
				ENABLE_NS_ASSERTIONS = NO;
				ENABLE_STRICT_OBJC_MSGSEND = YES;
				GCC_C_LANGUAGE_STANDARD = gnu11;
				GCC_NO_COMMON_BLOCKS = YES;
				GCC_WARN_64_TO_32_BIT_CONVERSION = YES;
				GCC_WARN_ABOUT_RETURN_TYPE = YES_ERROR;
				GCC_WARN_UNDECLARED_SELECTOR = YES;
				GCC_WARN_UNINITIALIZED_AUTOS = YES_AGGRESSIVE;
				GCC_WARN_UNUSED_FUNCTION = YES;
				GCC_WARN_UNUSED_VARIABLE = YES;
				IPHONEOS_DEPLOYMENT_TARGET = 11.2;
				MTL_ENABLE_DEBUG_INFO = NO;
				SDKROOT = iphoneos;
				VALIDATE_PRODUCT = YES;
			};
			name = Release;
		};
		1DA0AF371FE215A3007376D8 /* Debug */ = {
			isa = XCBuildConfiguration;
			buildSettings = {
				ASSETCATALOG_COMPILER_APPICON_NAME = AppIcon;
				CODE_SIGN_STYLE = Automatic;
				DEVELOPMENT_TEAM = W3L7CPBGTH;
				GCC_PRECOMPILE_PREFIX_HEADER = YES;
				GCC_PREFIX_HEADER = bgTest/PrefixHeader.pch;
				INFOPLIST_FILE = bgTest/Info.plist;
				LD_RUNPATH_SEARCH_PATHS = "$(inherited) @executable_path/Frameworks";
				PRODUCT_BUNDLE_IDENTIFIER = "-----------iOS.bgTest";
				PRODUCT_NAME = "$(TARGET_NAME)";
				TARGETED_DEVICE_FAMILY = "1,2";
			};
			name = Debug;
		};
		1DA0AF381FE215A3007376D8 /* Release */ = {
			isa = XCBuildConfiguration;
			buildSettings = {
				ASSETCATALOG_COMPILER_APPICON_NAME = AppIcon;
				CODE_SIGN_STYLE = Automatic;
				DEVELOPMENT_TEAM = W3L7CPBGTH;
				GCC_PRECOMPILE_PREFIX_HEADER = YES;
				GCC_PREFIX_HEADER = bgTest/PrefixHeader.pch;
				INFOPLIST_FILE = bgTest/Info.plist;
				LD_RUNPATH_SEARCH_PATHS = "$(inherited) @executable_path/Frameworks";
				PRODUCT_BUNDLE_IDENTIFIER = "-----------iOS.bgTest";
				PRODUCT_NAME = "$(TARGET_NAME)";
				TARGETED_DEVICE_FAMILY = "1,2";
			};
			name = Release;
		};
/* End XCBuildConfiguration section */

/* Begin XCConfigurationList section */
		1DA0AF1B1FE215A3007376D8 /* Build configuration list for PBXProject "bgTest" */ = {
			isa = XCConfigurationList;
			buildConfigurations = (
				1DA0AF341FE215A3007376D8 /* Debug */,
				1DA0AF351FE215A3007376D8 /* Release */,
			);
			defaultConfigurationIsVisible = 0;
			defaultConfigurationName = Release;
		};
		1DA0AF361FE215A3007376D8 /* Build configuration list for PBXNativeTarget "bgTest" */ = {
			isa = XCConfigurationList;
			buildConfigurations = (
				1DA0AF371FE215A3007376D8 /* Debug */,
				1DA0AF381FE215A3007376D8 /* Release */,
			);
			defaultConfigurationIsVisible = 0;
			defaultConfigurationName = Release;
		};
/* End XCConfigurationList section */
	};
	rootObject = 1DA0AF181FE215A3007376D8 /* Project object */;
}
